
Microsoft Visual Studio Solution File, Format Version 12.00
# Visual Studio Version 16
VisualStudioVersion = 16.0.31019.194
MinimumVisualStudioVersion = 10.0.40219.1
Project("{FAE04EC0-301F-11D3-BF4B-00C04F79EFBC}") = "AtelierManager", "AtelierManager\AtelierManager.csproj", "{92B02EEB-33A3-427A-90C1-6079E6D0D49C}"
EndProject
Project("{FAE04EC0-301F-11D3-BF4B-00C04F79EFBC}") = "GustFontEditor", "GustFontEditor\GustFontEditor.csproj", "{38B28539-BEF4-4FED-8953-601C2B2A73EF}"
EndProject
Global
	GlobalSection(SolutionConfigurationPlatforms) = preSolution
		Debug|Any CPU = Debug|Any CPU
		Release|Any CPU = Release|Any CPU
	EndGlobalSection
	GlobalSection(ProjectConfigurationPlatforms) = postSolution
		{92B02EEB-33A3-427A-90C1-6079E6D0D49C}.Debug|Any CPU.ActiveCfg = Debug|Any CPU
		{92B02EEB-33A3-427A-90C1-6079E6D0D49C}.Debug|Any CPU.Build.0 = Debug|Any CPU
		{92B02EEB-33A3-427A-90C1-6079E6D0D49C}.Release|Any CPU.ActiveCfg = Release|Any CPU
		{92B02EEB-33A3-427A-90C1-6079E6D0D49C}.Release|Any CPU.Build.0 = Release|Any CPU
		{38B28539-BEF4-4FED-8953-601C2B2A73EF}.Debug|Any CPU.ActiveCfg = Debug|Any CPU
		{38B28539-BEF4-4FED-8953-601C2B2A73EF}.Debug|Any CPU.Build.0 = Debug|Any CPU
		{38B28539-BEF4-4FED-8953-601C2B2A73EF}.Release|Any CPU.ActiveCfg = Release|Any CPU
		{38B28539-BEF4-4FED-8953-601C2B2A73EF}.Release|Any CPU.Build.0 = Release|Any CPU
	EndGlobalSection
	GlobalSection(SolutionProperties) = preSolution
		HideSolutionNode = FALSE
	EndGlobalSection
	GlobalSection(ExtensibilityGlobals) = postSolution
		SolutionGuid = {84CE8F0E-1D75-47EC-A0CF-9389D3602B2C}
	EndGlobalSection
EndGlobal
