
Microsoft Visual Studio Solution File, Format Version 12.00
# Visual Studio Version 16
VisualStudioVersion = 16.0.32126.315
MinimumVisualStudioVersion = 10.0.40219.1
Project("{9A19103F-16F7-4668-BE54-9A1E7A4F7556}") = "aio", "aio.csproj", "{69D5C501-3BAD-4FC5-8E24-C7AC8FA06AF7}"
EndProject
Global
	GlobalSection(SolutionConfigurationPlatforms) = preSolution
		Debug|Any CPU = Debug|Any CPU
		Release|Any CPU = Release|Any CPU
	EndGlobalSection
	GlobalSection(ProjectConfigurationPlatforms) = postSolution
		{69D5C501-3BAD-4FC5-8E24-C7AC8FA06AF7}.Debug|Any CPU.ActiveCfg = Debug|Any CPU
		{69D5C501-3BAD-4FC5-8E24-C7AC8FA06AF7}.Debug|Any CPU.Build.0 = Debug|Any CPU
		{69D5C501-3BAD-4FC5-8E24-C7AC8FA06AF7}.Release|Any CPU.ActiveCfg = Release|Any CPU
		{69D5C501-3BAD-4FC5-8E24-C7AC8FA06AF7}.Release|Any CPU.Build.0 = Release|Any CPU
	EndGlobalSection
	GlobalSection(SolutionProperties) = preSolution
		HideSolutionNode = FALSE
	EndGlobalSection
	GlobalSection(ExtensibilityGlobals) = postSolution
		SolutionGuid = {138FAA7F-EC8B-4778-827D-B486CC09E273}
	EndGlobalSection
EndGlobal
