
Microsoft Visual Studio Solution File, Format Version 12.00
# Visual Studio 14
VisualStudioVersion = 14.0.25420.1
MinimumVisualStudioVersion = 10.0.40219.1
Project("{FAE04EC0-301F-11D3-BF4B-00C04F79EFBC}") = "BruteGDStringEditor", "BruteGDStringEditor\BruteGDStringEditor.csproj", "{D9C14F83-6186-46DB-9BAE-FB9D0AF817BE}"
EndProject
Project("{FAE04EC0-301F-11D3-BF4B-00C04F79EFBC}") = "BGDSE GUI", "BGDSE GUI\BGDSE GUI.csproj", "{4E098D4C-4462-4731-AAFE-E62B6EF91D4B}"
EndProject
Global
	GlobalSection(SolutionConfigurationPlatforms) = preSolution
		Debug|Any CPU = Debug|Any CPU
		Release|Any CPU = Release|Any CPU
	EndGlobalSection
	GlobalSection(ProjectConfigurationPlatforms) = postSolution
		{D9C14F83-6186-46DB-9BAE-FB9D0AF817BE}.Debug|Any CPU.ActiveCfg = Debug|Any CPU
		{D9C14F83-6186-46DB-9BAE-FB9D0AF817BE}.Debug|Any CPU.Build.0 = Debug|Any CPU
		{D9C14F83-6186-46DB-9BAE-FB9D0AF817BE}.Release|Any CPU.ActiveCfg = Release|Any CPU
		{D9C14F83-6186-46DB-9BAE-FB9D0AF817BE}.Release|Any CPU.Build.0 = Release|Any CPU
		{4E098D4C-4462-4731-AAFE-E62B6EF91D4B}.Debug|Any CPU.ActiveCfg = Debug|Any CPU
		{4E098D4C-4462-4731-AAFE-E62B6EF91D4B}.Debug|Any CPU.Build.0 = Debug|Any CPU
		{4E098D4C-4462-4731-AAFE-E62B6EF91D4B}.Release|Any CPU.ActiveCfg = Release|Any CPU
		{4E098D4C-4462-4731-AAFE-E62B6EF91D4B}.Release|Any CPU.Build.0 = Release|Any CPU
	EndGlobalSection
	GlobalSection(SolutionProperties) = preSolution
		HideSolutionNode = FALSE
	EndGlobalSection
EndGlobal
