
Microsoft Visual Studio Solution File, Format Version 12.00
# Visual Studio 15
VisualStudioVersion = 15.0.26430.6
MinimumVisualStudioVersion = 10.0.40219.1
Project("{FAE04EC0-301F-11D3-BF4B-00C04F79EFBC}") = "PropellerManager", "PropellerManager\PropellerManager.csproj", "{F0D0D8A9-21FD-4BA6-BBE0-F37079C8A3F1}"
EndProject
Project("{FAE04EC0-301F-11D3-BF4B-00C04F79EFBC}") = "PMGUI", "PMGUI\PMGUI.csproj", "{87173EE4-FD84-40D4-8882-D8F282DB1884}"
EndProject
Global
	GlobalSection(SolutionConfigurationPlatforms) = preSolution
		Debug|Any CPU = Debug|Any CPU
		Release|Any CPU = Release|Any CPU
	EndGlobalSection
	GlobalSection(ProjectConfigurationPlatforms) = postSolution
		{F0D0D8A9-21FD-4BA6-BBE0-F37079C8A3F1}.Debug|Any CPU.ActiveCfg = Debug|Any CPU
		{F0D0D8A9-21FD-4BA6-BBE0-F37079C8A3F1}.Debug|Any CPU.Build.0 = Debug|Any CPU
		{F0D0D8A9-21FD-4BA6-BBE0-F37079C8A3F1}.Release|Any CPU.ActiveCfg = Release|Any CPU
		{F0D0D8A9-21FD-4BA6-BBE0-F37079C8A3F1}.Release|Any CPU.Build.0 = Release|Any CPU
		{87173EE4-FD84-40D4-8882-D8F282DB1884}.Debug|Any CPU.ActiveCfg = Debug|Any CPU
		{87173EE4-FD84-40D4-8882-D8F282DB1884}.Debug|Any CPU.Build.0 = Debug|Any CPU
		{87173EE4-FD84-40D4-8882-D8F282DB1884}.Release|Any CPU.ActiveCfg = Release|Any CPU
		{87173EE4-FD84-40D4-8882-D8F282DB1884}.Release|Any CPU.Build.0 = Release|Any CPU
	EndGlobalSection
	GlobalSection(SolutionProperties) = preSolution
		HideSolutionNode = FALSE
	EndGlobalSection
EndGlobal
