
Microsoft Visual Studio Solution File, Format Version 12.00
# Visual Studio 15
VisualStudioVersion = 15.0.27703.2035
MinimumVisualStudioVersion = 10.0.40219.1
Project("{FAE04EC0-301F-11D3-BF4B-00C04F79EFBC}") = "WormsTranslator", "WormsTranslator\WormsTranslator.csproj", "{0348CDEA-CB24-4227-880F-F9D8F81471C5}"
EndProject
Project("{FAE04EC0-301F-11D3-BF4B-00C04F79EFBC}") = "WTGUI", "WTGUI\WTGUI.csproj", "{21E77F08-C2BB-487B-8E79-04B99008CE5A}"
EndProject
Global
	GlobalSection(SolutionConfigurationPlatforms) = preSolution
		Debug|Any CPU = Debug|Any CPU
		Release|Any CPU = Release|Any CPU
	EndGlobalSection
	GlobalSection(ProjectConfigurationPlatforms) = postSolution
		{0348CDEA-CB24-4227-880F-F9D8F81471C5}.Debug|Any CPU.ActiveCfg = Debug|Any CPU
		{0348CDEA-CB24-4227-880F-F9D8F81471C5}.Debug|Any CPU.Build.0 = Debug|Any CPU
		{0348CDEA-CB24-4227-880F-F9D8F81471C5}.Release|Any CPU.ActiveCfg = Release|Any CPU
		{0348CDEA-CB24-4227-880F-F9D8F81471C5}.Release|Any CPU.Build.0 = Release|Any CPU
		{21E77F08-C2BB-487B-8E79-04B99008CE5A}.Debug|Any CPU.ActiveCfg = Debug|Any CPU
		{21E77F08-C2BB-487B-8E79-04B99008CE5A}.Debug|Any CPU.Build.0 = Debug|Any CPU
		{21E77F08-C2BB-487B-8E79-04B99008CE5A}.Release|Any CPU.ActiveCfg = Release|Any CPU
		{21E77F08-C2BB-487B-8E79-04B99008CE5A}.Release|Any CPU.Build.0 = Release|Any CPU
	EndGlobalSection
	GlobalSection(SolutionProperties) = preSolution
		HideSolutionNode = FALSE
	EndGlobalSection
	GlobalSection(ExtensibilityGlobals) = postSolution
		SolutionGuid = {5D5AC08D-DC11-44C1-A98E-DFC5A95A5930}
	EndGlobalSection
EndGlobal
