
Microsoft Visual Studio Solution File, Format Version 12.00
# Visual Studio 15
VisualStudioVersion = 15.0.26430.15
MinimumVisualStudioVersion = 10.0.40219.1
Project("{FAE04EC0-301F-11D3-BF4B-00C04F79EFBC}") = "OBJEditor", "OBJEditor\OBJEditor.csproj", "{982F6A65-F0D6-4AAE-8C13-03C2F8A36ABC}"
EndProject
Project("{FAE04EC0-301F-11D3-BF4B-00C04F79EFBC}") = "OBJEGUI", "OBJEGUI\OBJEGUI.csproj", "{D3300667-E0FC-4D2F-B249-A3A65BCE8AA4}"
EndProject
Global
	GlobalSection(SolutionConfigurationPlatforms) = preSolution
		Debug|Any CPU = Debug|Any CPU
		Oreimo|Any CPU = Oreimo|Any CPU
		Release|Any CPU = Release|Any CPU
		Toradora|Any CPU = Toradora|Any CPU
	EndGlobalSection
	GlobalSection(ProjectConfigurationPlatforms) = postSolution
		{982F6A65-F0D6-4AAE-8C13-03C2F8A36ABC}.Debug|Any CPU.ActiveCfg = Debug|Any CPU
		{982F6A65-F0D6-4AAE-8C13-03C2F8A36ABC}.Debug|Any CPU.Build.0 = Debug|Any CPU
		{982F6A65-F0D6-4AAE-8C13-03C2F8A36ABC}.Oreimo|Any CPU.ActiveCfg = Oreimo|Any CPU
		{982F6A65-F0D6-4AAE-8C13-03C2F8A36ABC}.Oreimo|Any CPU.Build.0 = Oreimo|Any CPU
		{982F6A65-F0D6-4AAE-8C13-03C2F8A36ABC}.Release|Any CPU.ActiveCfg = Release|Any CPU
		{982F6A65-F0D6-4AAE-8C13-03C2F8A36ABC}.Release|Any CPU.Build.0 = Release|Any CPU
		{982F6A65-F0D6-4AAE-8C13-03C2F8A36ABC}.Toradora|Any CPU.ActiveCfg = Toradora|Any CPU
		{982F6A65-F0D6-4AAE-8C13-03C2F8A36ABC}.Toradora|Any CPU.Build.0 = Toradora|Any CPU
		{D3300667-E0FC-4D2F-B249-A3A65BCE8AA4}.Debug|Any CPU.ActiveCfg = Debug|Any CPU
		{D3300667-E0FC-4D2F-B249-A3A65BCE8AA4}.Debug|Any CPU.Build.0 = Debug|Any CPU
		{D3300667-E0FC-4D2F-B249-A3A65BCE8AA4}.Oreimo|Any CPU.ActiveCfg = Oreimo|Any CPU
		{D3300667-E0FC-4D2F-B249-A3A65BCE8AA4}.Oreimo|Any CPU.Build.0 = Oreimo|Any CPU
		{D3300667-E0FC-4D2F-B249-A3A65BCE8AA4}.Release|Any CPU.ActiveCfg = Release|Any CPU
		{D3300667-E0FC-4D2F-B249-A3A65BCE8AA4}.Release|Any CPU.Build.0 = Release|Any CPU
		{D3300667-E0FC-4D2F-B249-A3A65BCE8AA4}.Toradora|Any CPU.ActiveCfg = Toradora|Any CPU
		{D3300667-E0FC-4D2F-B249-A3A65BCE8AA4}.Toradora|Any CPU.Build.0 = Toradora|Any CPU
	EndGlobalSection
	GlobalSection(SolutionProperties) = preSolution
		HideSolutionNode = FALSE
	EndGlobalSection
EndGlobal
