
Microsoft Visual Studio Solution File, Format Version 12.00
# Visual Studio 14
VisualStudioVersion = 14.0.25420.1
MinimumVisualStudioVersion = 10.0.40219.1
Project("{FAE04EC0-301F-11D3-BF4B-00C04F79EFBC}") = "BlazBlueEditor", "BlazBlueEditor\BlazBlueEditor.csproj", "{3E7788AC-52C4-42AD-9F76-52D93FD7BA80}"
EndProject
Project("{FAE04EC0-301F-11D3-BF4B-00C04F79EFBC}") = "BBEGui", "BBEGui\BBEGui.csproj", "{F1B47F87-C9FB-4346-AA48-83BCE02206CF}"
EndProject
Global
	GlobalSection(SolutionConfigurationPlatforms) = preSolution
		Debug|Any CPU = Debug|Any CPU
		Release|Any CPU = Release|Any CPU
	EndGlobalSection
	GlobalSection(ProjectConfigurationPlatforms) = postSolution
		{3E7788AC-52C4-42AD-9F76-52D93FD7BA80}.Debug|Any CPU.ActiveCfg = Debug|Any CPU
		{3E7788AC-52C4-42AD-9F76-52D93FD7BA80}.Debug|Any CPU.Build.0 = Debug|Any CPU
		{3E7788AC-52C4-42AD-9F76-52D93FD7BA80}.Release|Any CPU.ActiveCfg = Release|Any CPU
		{3E7788AC-52C4-42AD-9F76-52D93FD7BA80}.Release|Any CPU.Build.0 = Release|Any CPU
		{F1B47F87-C9FB-4346-AA48-83BCE02206CF}.Debug|Any CPU.ActiveCfg = Debug|Any CPU
		{F1B47F87-C9FB-4346-AA48-83BCE02206CF}.Debug|Any CPU.Build.0 = Debug|Any CPU
		{F1B47F87-C9FB-4346-AA48-83BCE02206CF}.Release|Any CPU.ActiveCfg = Release|Any CPU
		{F1B47F87-C9FB-4346-AA48-83BCE02206CF}.Release|Any CPU.Build.0 = Release|Any CPU
	EndGlobalSection
	GlobalSection(SolutionProperties) = preSolution
		HideSolutionNode = FALSE
	EndGlobalSection
EndGlobal
